// !$*UTF8*$!
{
	archiveVersion = 1;
	classes = {
	};
	objectVersion = 77;
	objects = {

/* Begin PBXBuildFile section */
		960C50462CC8BB03004B3407 /* SwiftUIPager in Frameworks */ = {isa = PBXBuildFile; productRef = 960C50452CC8BB03004B3407 /* SwiftUIPager */; };
		963774362CBDE25600FFFCBA /* FilenSDK in Frameworks */ = {isa = PBXBuildFile; productRef = 963774352CBDE25600FFFCBA /* FilenSDK */; };
		963774392CBDE31300FFFCBA /* FilenSDK in Frameworks */ = {isa = PBXBuildFile; productRef = 963774382CBDE31300FFFCBA /* FilenSDK */; };
		963774B02CBF396500FFFCBA /* SQLite in Frameworks */ = {isa = PBXBuildFile; productRef = 963774AF2CBF396500FFFCBA /* SQLite */; };
/* End PBXBuildFile section */

/* Begin PBXContainerItemProxy section */
		963774032CBD8DB000FFFCBA /* PBXContainerItemProxy */ = {
			isa = PBXContainerItemProxy;
			containerPortal = 963773E92CBD8DAF00FFFCBA /* Project object */;
			proxyType = 1;
			remoteGlobalIDString = 963773F02CBD8DAF00FFFCBA;
			remoteInfo = FilenFoto;
		};
		9637740D2CBD8DB000FFFCBA /* PBXContainerItemProxy */ = {
			isa = PBXContainerItemProxy;
			containerPortal = 963773E92CBD8DAF00FFFCBA /* Project object */;
			proxyType = 1;
			remoteGlobalIDString = 963773F02CBD8DAF00FFFCBA;
			remoteInfo = FilenFoto;
		};
/* End PBXContainerItemProxy section */

/* Begin PBXFileReference section */
		963773F12CBD8DAF00FFFCBA /* FilenFoto.app */ = {isa = PBXFileReference; explicitFileType = wrapper.application; includeInIndex = 0; path = FilenFoto.app; sourceTree = BUILT_PRODUCTS_DIR; };
		963774022CBD8DB000FFFCBA /* FilenFotoTests.xctest */ = {isa = PBXFileReference; explicitFileType = wrapper.cfbundle; includeInIndex = 0; path = FilenFotoTests.xctest; sourceTree = BUILT_PRODUCTS_DIR; };
		9637740C2CBD8DB000FFFCBA /* FilenFotoUITests.xctest */ = {isa = PBXFileReference; explicitFileType = wrapper.cfbundle; includeInIndex = 0; path = FilenFotoUITests.xctest; sourceTree = BUILT_PRODUCTS_DIR; };
/* End PBXFileReference section */

/* Begin PBXFileSystemSynchronizedRootGroup section */
		963773F32CBD8DAF00FFFCBA /* FilenFoto */ = {
			isa = PBXFileSystemSynchronizedRootGroup;
			path = FilenFoto;
			sourceTree = "<group>";
		};
		963774052CBD8DB000FFFCBA /* FilenFotoTests */ = {
			isa = PBXFileSystemSynchronizedRootGroup;
			path = FilenFotoTests;
			sourceTree = "<group>";
		};
		9637740F2CBD8DB000FFFCBA /* FilenFotoUITests */ = {
			isa = PBXFileSystemSynchronizedRootGroup;
			path = FilenFotoUITests;
			sourceTree = "<group>";
		};
/* End PBXFileSystemSynchronizedRootGroup section */

/* Begin PBXFrameworksBuildPhase section */
		963773EE2CBD8DAF00FFFCBA /* Frameworks */ = {
			isa = PBXFrameworksBuildPhase;
			buildActionMask = 2147483647;
			files = (
				963774B02CBF396500FFFCBA /* SQLite in Frameworks */,
				963774392CBDE31300FFFCBA /* FilenSDK in Frameworks */,
				960C50462CC8BB03004B3407 /* SwiftUIPager in Frameworks */,
				963774362CBDE25600FFFCBA /* FilenSDK in Frameworks */,
			);
			runOnlyForDeploymentPostprocessing = 0;
		};
		963773FF2CBD8DB000FFFCBA /* Frameworks */ = {
			isa = PBXFrameworksBuildPhase;
			buildActionMask = 2147483647;
			files = (
			);
			runOnlyForDeploymentPostprocessing = 0;
		};
		963774092CBD8DB000FFFCBA /* Frameworks */ = {
			isa = PBXFrameworksBuildPhase;
			buildActionMask = 2147483647;
			files = (
			);
			runOnlyForDeploymentPostprocessing = 0;
		};
/* End PBXFrameworksBuildPhase section */

/* Begin PBXGroup section */
		963773E82CBD8DAF00FFFCBA = {
			isa = PBXGroup;
			children = (
				963773F32CBD8DAF00FFFCBA /* FilenFoto */,
				963774052CBD8DB000FFFCBA /* FilenFotoTests */,
				9637740F2CBD8DB000FFFCBA /* FilenFotoUITests */,
				963774282CBDDC3D00FFFCBA /* Frameworks */,
				963773F22CBD8DAF00FFFCBA /* Products */,
			);
			sourceTree = "<group>";
		};
		963773F22CBD8DAF00FFFCBA /* Products */ = {
			isa = PBXGroup;
			children = (
				963773F12CBD8DAF00FFFCBA /* FilenFoto.app */,
				963774022CBD8DB000FFFCBA /* FilenFotoTests.xctest */,
				9637740C2CBD8DB000FFFCBA /* FilenFotoUITests.xctest */,
			);
			name = Products;
			sourceTree = "<group>";
		};
		963774282CBDDC3D00FFFCBA /* Frameworks */ = {
			isa = PBXGroup;
			children = (
			);
			name = Frameworks;
			sourceTree = "<group>";
		};
/* End PBXGroup section */

/* Begin PBXNativeTarget section */
		963773F02CBD8DAF00FFFCBA /* FilenFoto */ = {
			isa = PBXNativeTarget;
			buildConfigurationList = 963774162CBD8DB000FFFCBA /* Build configuration list for PBXNativeTarget "FilenFoto" */;
			buildPhases = (
				963773ED2CBD8DAF00FFFCBA /* Sources */,
				963773EE2CBD8DAF00FFFCBA /* Frameworks */,
				963773EF2CBD8DAF00FFFCBA /* Resources */,
			);
			buildRules = (
			);
			dependencies = (
			);
			fileSystemSynchronizedGroups = (
				963773F32CBD8DAF00FFFCBA /* FilenFoto */,
			);
			name = FilenFoto;
			packageProductDependencies = (
				963774352CBDE25600FFFCBA /* FilenSDK */,
				963774382CBDE31300FFFCBA /* FilenSDK */,
				963774AF2CBF396500FFFCBA /* SQLite */,
				960C50452CC8BB03004B3407 /* SwiftUIPager */,
			);
			productName = FilenFoto;
			productReference = 963773F12CBD8DAF00FFFCBA /* FilenFoto.app */;
			productType = "com.apple.product-type.application";
		};
		963774012CBD8DB000FFFCBA /* FilenFotoTests */ = {
			isa = PBXNativeTarget;
			buildConfigurationList = 963774192CBD8DB000FFFCBA /* Build configuration list for PBXNativeTarget "FilenFotoTests" */;
			buildPhases = (
				963773FE2CBD8DB000FFFCBA /* Sources */,
				963773FF2CBD8DB000FFFCBA /* Frameworks */,
				963774002CBD8DB000FFFCBA /* Resources */,
			);
			buildRules = (
			);
			dependencies = (
				963774042CBD8DB000FFFCBA /* PBXTargetDependency */,
			);
			fileSystemSynchronizedGroups = (
				963774052CBD8DB000FFFCBA /* FilenFotoTests */,
			);
			name = FilenFotoTests;
			packageProductDependencies = (
			);
			productName = FilenFotoTests;
			productReference = 963774022CBD8DB000FFFCBA /* FilenFotoTests.xctest */;
			productType = "com.apple.product-type.bundle.unit-test";
		};
		9637740B2CBD8DB000FFFCBA /* FilenFotoUITests */ = {
			isa = PBXNativeTarget;
			buildConfigurationList = 9637741C2CBD8DB000FFFCBA /* Build configuration list for PBXNativeTarget "FilenFotoUITests" */;
			buildPhases = (
				963774082CBD8DB000FFFCBA /* Sources */,
				963774092CBD8DB000FFFCBA /* Frameworks */,
				9637740A2CBD8DB000FFFCBA /* Resources */,
			);
			buildRules = (
			);
			dependencies = (
				9637740E2CBD8DB000FFFCBA /* PBXTargetDependency */,
			);
			fileSystemSynchronizedGroups = (
				9637740F2CBD8DB000FFFCBA /* FilenFotoUITests */,
			);
			name = FilenFotoUITests;
			packageProductDependencies = (
			);
			productName = FilenFotoUITests;
			productReference = 9637740C2CBD8DB000FFFCBA /* FilenFotoUITests.xctest */;
			productType = "com.apple.product-type.bundle.ui-testing";
		};
/* End PBXNativeTarget section */

/* Begin PBXProject section */
		963773E92CBD8DAF00FFFCBA /* Project object */ = {
			isa = PBXProject;
			attributes = {
				BuildIndependentTargetsInParallel = 1;
				LastSwiftUpdateCheck = 1600;
				LastUpgradeCheck = 1600;
				TargetAttributes = {
					963773F02CBD8DAF00FFFCBA = {
						CreatedOnToolsVersion = 16.0;
					};
					963774012CBD8DB000FFFCBA = {
						CreatedOnToolsVersion = 16.0;
						TestTargetID = 963773F02CBD8DAF00FFFCBA;
					};
					9637740B2CBD8DB000FFFCBA = {
						CreatedOnToolsVersion = 16.0;
						TestTargetID = 963773F02CBD8DAF00FFFCBA;
					};
				};
			};
			buildConfigurationList = 963773EC2CBD8DAF00FFFCBA /* Build configuration list for PBXProject "FilenFoto" */;
			developmentRegion = en;
			hasScannedForEncodings = 0;
			knownRegions = (
				en,
				Base,
			);
			mainGroup = 963773E82CBD8DAF00FFFCBA;
			minimizedProjectReferenceProxies = 1;
			packageReferences = (
				963774372CBDE31300FFFCBA /* XCLocalSwiftPackageReference "../FilenSDK" */,
				963774AE2CBF396500FFFCBA /* XCRemoteSwiftPackageReference "SQLite" */,
				960C50442CC8BB03004B3407 /* XCRemoteSwiftPackageReference "SwiftUIPager" */,
			);
			preferredProjectObjectVersion = 77;
			productRefGroup = 963773F22CBD8DAF00FFFCBA /* Products */;
			projectDirPath = "";
			projectRoot = "";
			targets = (
				963773F02CBD8DAF00FFFCBA /* FilenFoto */,
				963774012CBD8DB000FFFCBA /* FilenFotoTests */,
				9637740B2CBD8DB000FFFCBA /* FilenFotoUITests */,
			);
		};
/* End PBXProject section */

/* Begin PBXResourcesBuildPhase section */
		963773EF2CBD8DAF00FFFCBA /* Resources */ = {
			isa = PBXResourcesBuildPhase;
			buildActionMask = 2147483647;
			files = (
			);
			runOnlyForDeploymentPostprocessing = 0;
		};
		963774002CBD8DB000FFFCBA /* Resources */ = {
			isa = PBXResourcesBuildPhase;
			buildActionMask = 2147483647;
			files = (
			);
			runOnlyForDeploymentPostprocessing = 0;
		};
		9637740A2CBD8DB000FFFCBA /* Resources */ = {
			isa = PBXResourcesBuildPhase;
			buildActionMask = 2147483647;
			files = (
			);
			runOnlyForDeploymentPostprocessing = 0;
		};
/* End PBXResourcesBuildPhase section */

/* Begin PBXSourcesBuildPhase section */
		963773ED2CBD8DAF00FFFCBA /* Sources */ = {
			isa = PBXSourcesBuildPhase;
			buildActionMask = 2147483647;
			files = (
			);
			runOnlyForDeploymentPostprocessing = 0;
		};
		963773FE2CBD8DB000FFFCBA /* Sources */ = {
			isa = PBXSourcesBuildPhase;
			buildActionMask = 2147483647;
			files = (
			);
			runOnlyForDeploymentPostprocessing = 0;
		};
		963774082CBD8DB000FFFCBA /* Sources */ = {
			isa = PBXSourcesBuildPhase;
			buildActionMask = 2147483647;
			files = (
			);
			runOnlyForDeploymentPostprocessing = 0;
		};
/* End PBXSourcesBuildPhase section */

/* Begin PBXTargetDependency section */
		963774042CBD8DB000FFFCBA /* PBXTargetDependency */ = {
			isa = PBXTargetDependency;
			target = 963773F02CBD8DAF00FFFCBA /* FilenFoto */;
			targetProxy = 963774032CBD8DB000FFFCBA /* PBXContainerItemProxy */;
		};
		9637740E2CBD8DB000FFFCBA /* PBXTargetDependency */ = {
			isa = PBXTargetDependency;
			target = 963773F02CBD8DAF00FFFCBA /* FilenFoto */;
			targetProxy = 9637740D2CBD8DB000FFFCBA /* PBXContainerItemProxy */;
		};
/* End PBXTargetDependency section */

/* Begin XCBuildConfiguration section */
		963774142CBD8DB000FFFCBA /* Debug */ = {
			isa = XCBuildConfiguration;
			buildSettings = {
				ALWAYS_SEARCH_USER_PATHS = NO;
				ASSETCATALOG_COMPILER_GENERATE_SWIFT_ASSET_SYMBOL_EXTENSIONS = YES;
				CLANG_ANALYZER_NONNULL = YES;
				CLANG_ANALYZER_NUMBER_OBJECT_CONVERSION = YES_AGGRESSIVE;
				CLANG_CXX_LANGUAGE_STANDARD = "gnu++20";
				CLANG_ENABLE_MODULES = YES;
				CLANG_ENABLE_OBJC_ARC = YES;
				CLANG_ENABLE_OBJC_WEAK = YES;
				CLANG_WARN_BLOCK_CAPTURE_AUTORELEASING = YES;
				CLANG_WARN_BOOL_CONVERSION = YES;
				CLANG_WARN_COMMA = YES;
				CLANG_WARN_CONSTANT_CONVERSION = YES;
				CLANG_WARN_DEPRECATED_OBJC_IMPLEMENTATIONS = YES;
				CLANG_WARN_DIRECT_OBJC_ISA_USAGE = YES_ERROR;
				CLANG_WARN_DOCUMENTATION_COMMENTS = YES;
				CLANG_WARN_EMPTY_BODY = YES;
				CLANG_WARN_ENUM_CONVERSION = YES;
				CLANG_WARN_INFINITE_RECURSION = YES;
				CLANG_WARN_INT_CONVERSION = YES;
				CLANG_WARN_NON_LITERAL_NULL_CONVERSION = YES;
				CLANG_WARN_OBJC_IMPLICIT_RETAIN_SELF = YES;
				CLANG_WARN_OBJC_LITERAL_CONVERSION = YES;
				CLANG_WARN_OBJC_ROOT_CLASS = YES_ERROR;
				CLANG_WARN_QUOTED_INCLUDE_IN_FRAMEWORK_HEADER = YES;
				CLANG_WARN_RANGE_LOOP_ANALYSIS = YES;
				CLANG_WARN_STRICT_PROTOTYPES = YES;
				CLANG_WARN_SUSPICIOUS_MOVE = YES;
				CLANG_WARN_UNGUARDED_AVAILABILITY = YES_AGGRESSIVE;
				CLANG_WARN_UNREACHABLE_CODE = YES;
				CLANG_WARN__DUPLICATE_METHOD_MATCH = YES;
				COPY_PHASE_STRIP = NO;
				DEBUG_INFORMATION_FORMAT = dwarf;
				ENABLE_STRICT_OBJC_MSGSEND = YES;
				ENABLE_TESTABILITY = YES;
				ENABLE_USER_SCRIPT_SANDBOXING = YES;
				GCC_C_LANGUAGE_STANDARD = gnu17;
				GCC_DYNAMIC_NO_PIC = NO;
				GCC_NO_COMMON_BLOCKS = YES;
				GCC_OPTIMIZATION_LEVEL = 0;
				GCC_PREPROCESSOR_DEFINITIONS = (
					"DEBUG=1",
					"$(inherited)",
				);
				GCC_WARN_64_TO_32_BIT_CONVERSION = YES;
				GCC_WARN_ABOUT_RETURN_TYPE = YES_ERROR;
				GCC_WARN_UNDECLARED_SELECTOR = YES;
				GCC_WARN_UNINITIALIZED_AUTOS = YES_AGGRESSIVE;
				GCC_WARN_UNUSED_FUNCTION = YES;
				GCC_WARN_UNUSED_VARIABLE = YES;
				LOCALIZATION_PREFERS_STRING_CATALOGS = YES;
				MTL_ENABLE_DEBUG_INFO = INCLUDE_SOURCE;
				MTL_FAST_MATH = YES;
				ONLY_ACTIVE_ARCH = YES;
				SWIFT_ACTIVE_COMPILATION_CONDITIONS = "DEBUG $(inherited)";
				SWIFT_OPTIMIZATION_LEVEL = "-Onone";
			};
			name = Debug;
		};
		963774152CBD8DB000FFFCBA /* Release */ = {
			isa = XCBuildConfiguration;
			buildSettings = {
				ALWAYS_SEARCH_USER_PATHS = NO;
				ASSETCATALOG_COMPILER_GENERATE_SWIFT_ASSET_SYMBOL_EXTENSIONS = YES;
				CLANG_ANALYZER_NONNULL = YES;
				CLANG_ANALYZER_NUMBER_OBJECT_CONVERSION = YES_AGGRESSIVE;
				CLANG_CXX_LANGUAGE_STANDARD = "gnu++20";
				CLANG_ENABLE_MODULES = YES;
				CLANG_ENABLE_OBJC_ARC = YES;
				CLANG_ENABLE_OBJC_WEAK = YES;
				CLANG_WARN_BLOCK_CAPTURE_AUTORELEASING = YES;
				CLANG_WARN_BOOL_CONVERSION = YES;
				CLANG_WARN_COMMA = YES;
				CLANG_WARN_CONSTANT_CONVERSION = YES;
				CLANG_WARN_DEPRECATED_OBJC_IMPLEMENTATIONS = YES;
				CLANG_WARN_DIRECT_OBJC_ISA_USAGE = YES_ERROR;
				CLANG_WARN_DOCUMENTATION_COMMENTS = YES;
				CLANG_WARN_EMPTY_BODY = YES;
				CLANG_WARN_ENUM_CONVERSION = YES;
				CLANG_WARN_INFINITE_RECURSION = YES;
				CLANG_WARN_INT_CONVERSION = YES;
				CLANG_WARN_NON_LITERAL_NULL_CONVERSION = YES;
				CLANG_WARN_OBJC_IMPLICIT_RETAIN_SELF = YES;
				CLANG_WARN_OBJC_LITERAL_CONVERSION = YES;
				CLANG_WARN_OBJC_ROOT_CLASS = YES_ERROR;
				CLANG_WARN_QUOTED_INCLUDE_IN_FRAMEWORK_HEADER = YES;
				CLANG_WARN_RANGE_LOOP_ANALYSIS = YES;
				CLANG_WARN_STRICT_PROTOTYPES = YES;
				CLANG_WARN_SUSPICIOUS_MOVE = YES;
				CLANG_WARN_UNGUARDED_AVAILABILITY = YES_AGGRESSIVE;
				CLANG_WARN_UNREACHABLE_CODE = YES;
				CLANG_WARN__DUPLICATE_METHOD_MATCH = YES;
				COPY_PHASE_STRIP = NO;
				DEBUG_INFORMATION_FORMAT = "dwarf-with-dsym";
				ENABLE_NS_ASSERTIONS = NO;
				ENABLE_STRICT_OBJC_MSGSEND = YES;
				ENABLE_USER_SCRIPT_SANDBOXING = YES;
				GCC_C_LANGUAGE_STANDARD = gnu17;
				GCC_NO_COMMON_BLOCKS = YES;
				GCC_WARN_64_TO_32_BIT_CONVERSION = YES;
				GCC_WARN_ABOUT_RETURN_TYPE = YES_ERROR;
				GCC_WARN_UNDECLARED_SELECTOR = YES;
				GCC_WARN_UNINITIALIZED_AUTOS = YES_AGGRESSIVE;
				GCC_WARN_UNUSED_FUNCTION = YES;
				GCC_WARN_UNUSED_VARIABLE = YES;
				LOCALIZATION_PREFERS_STRING_CATALOGS = YES;
				MTL_ENABLE_DEBUG_INFO = NO;
				MTL_FAST_MATH = YES;
				SWIFT_COMPILATION_MODE = wholemodule;
			};
			name = Release;
		};
		963774172CBD8DB000FFFCBA /* Debug */ = {
			isa = XCBuildConfiguration;
			buildSettings = {
				ASSETCATALOG_COMPILER_APPICON_NAME = AppIcon;
				ASSETCATALOG_COMPILER_GLOBAL_ACCENT_COLOR_NAME = AccentColor;
				CODE_SIGN_ENTITLEMENTS = FilenFoto/FilenFoto.entitlements;
				CODE_SIGN_STYLE = Automatic;
				CURRENT_PROJECT_VERSION = 1;
				DEVELOPMENT_ASSET_PATHS = "\"FilenFoto/Preview Content\"";
				DEVELOPMENT_TEAM = N74E93PMQ8;
				ENABLE_HARDENED_RUNTIME = YES;
				ENABLE_PREVIEWS = YES;
				GENERATE_INFOPLIST_FILE = YES;
				INFOPLIST_KEY_NSPhotoLibraryUsageDescription = "Syncing photos and videos to the cloud";
				"INFOPLIST_KEY_UIApplicationSceneManifest_Generation[sdk=iphoneos*]" = YES;
				"INFOPLIST_KEY_UIApplicationSceneManifest_Generation[sdk=iphonesimulator*]" = YES;
				"INFOPLIST_KEY_UIApplicationSupportsIndirectInputEvents[sdk=iphoneos*]" = YES;
				"INFOPLIST_KEY_UIApplicationSupportsIndirectInputEvents[sdk=iphonesimulator*]" = YES;
				"INFOPLIST_KEY_UILaunchScreen_Generation[sdk=iphoneos*]" = YES;
				"INFOPLIST_KEY_UILaunchScreen_Generation[sdk=iphonesimulator*]" = YES;
				"INFOPLIST_KEY_UIStatusBarStyle[sdk=iphoneos*]" = UIStatusBarStyleDefault;
				"INFOPLIST_KEY_UIStatusBarStyle[sdk=iphonesimulator*]" = UIStatusBarStyleDefault;
				INFOPLIST_KEY_UISupportedInterfaceOrientations_iPad = "UIInterfaceOrientationPortrait UIInterfaceOrientationPortraitUpsideDown UIInterfaceOrientationLandscapeLeft UIInterfaceOrientationLandscapeRight";
				INFOPLIST_KEY_UISupportedInterfaceOrientations_iPhone = "UIInterfaceOrientationPortrait UIInterfaceOrientationLandscapeLeft UIInterfaceOrientationLandscapeRight";
				IPHONEOS_DEPLOYMENT_TARGET = 17.0;
				LD_RUNPATH_SEARCH_PATHS = "@executable_path/Frameworks";
				"LD_RUNPATH_SEARCH_PATHS[sdk=macosx*]" = "@executable_path/../Frameworks";
				MACOSX_DEPLOYMENT_TARGET = 15.0;
				MARKETING_VERSION = 1.0;
				PRODUCT_BUNDLE_IDENTIFIER = com.hunterhan.FilenFoto;
				PRODUCT_NAME = "$(TARGET_NAME)";
				SDKROOT = auto;
				SUPPORTED_PLATFORMS = "iphoneos iphonesimulator macosx xros xrsimulator";
				SWIFT_EMIT_LOC_STRINGS = YES;
				SWIFT_VERSION = 5.0;
				TARGETED_DEVICE_FAMILY = "1,2,7";
				XROS_DEPLOYMENT_TARGET = 2.0;
			};
			name = Debug;
		};
		963774182CBD8DB000FFFCBA /* Release */ = {
			isa = XCBuildConfiguration;
			buildSettings = {
				ASSETCATALOG_COMPILER_APPICON_NAME = AppIcon;
				ASSETCATALOG_COMPILER_GLOBAL_ACCENT_COLOR_NAME = AccentColor;
				CODE_SIGN_ENTITLEMENTS = FilenFoto/FilenFoto.entitlements;
				CODE_SIGN_STYLE = Automatic;
				CURRENT_PROJECT_VERSION = 1;
				DEVELOPMENT_ASSET_PATHS = "\"FilenFoto/Preview Content\"";
				DEVELOPMENT_TEAM = N74E93PMQ8;
				ENABLE_HARDENED_RUNTIME = YES;
				ENABLE_PREVIEWS = YES;
				GENERATE_INFOPLIST_FILE = YES;
				INFOPLIST_KEY_NSPhotoLibraryUsageDescription = "Syncing photos and videos to the cloud";
				"INFOPLIST_KEY_UIApplicationSceneManifest_Generation[sdk=iphoneos*]" = YES;
				"INFOPLIST_KEY_UIApplicationSceneManifest_Generation[sdk=iphonesimulator*]" = YES;
				"INFOPLIST_KEY_UIApplicationSupportsIndirectInputEvents[sdk=iphoneos*]" = YES;
				"INFOPLIST_KEY_UIApplicationSupportsIndirectInputEvents[sdk=iphonesimulator*]" = YES;
				"INFOPLIST_KEY_UILaunchScreen_Generation[sdk=iphoneos*]" = YES;
				"INFOPLIST_KEY_UILaunchScreen_Generation[sdk=iphonesimulator*]" = YES;
				"INFOPLIST_KEY_UIStatusBarStyle[sdk=iphoneos*]" = UIStatusBarStyleDefault;
				"INFOPLIST_KEY_UIStatusBarStyle[sdk=iphonesimulator*]" = UIStatusBarStyleDefault;
				INFOPLIST_KEY_UISupportedInterfaceOrientations_iPad = "UIInterfaceOrientationPortrait UIInterfaceOrientationPortraitUpsideDown UIInterfaceOrientationLandscapeLeft UIInterfaceOrientationLandscapeRight";
				INFOPLIST_KEY_UISupportedInterfaceOrientations_iPhone = "UIInterfaceOrientationPortrait UIInterfaceOrientationLandscapeLeft UIInterfaceOrientationLandscapeRight";
				IPHONEOS_DEPLOYMENT_TARGET = 17.0;
				LD_RUNPATH_SEARCH_PATHS = "@executable_path/Frameworks";
				"LD_RUNPATH_SEARCH_PATHS[sdk=macosx*]" = "@executable_path/../Frameworks";
				MACOSX_DEPLOYMENT_TARGET = 15.0;
				MARKETING_VERSION = 1.0;
				PRODUCT_BUNDLE_IDENTIFIER = com.hunterhan.FilenFoto;
				PRODUCT_NAME = "$(TARGET_NAME)";
				SDKROOT = auto;
				SUPPORTED_PLATFORMS = "iphoneos iphonesimulator macosx xros xrsimulator";
				SWIFT_EMIT_LOC_STRINGS = YES;
				SWIFT_VERSION = 5.0;
				TARGETED_DEVICE_FAMILY = "1,2,7";
				XROS_DEPLOYMENT_TARGET = 2.0;
			};
			name = Release;
		};
		9637741A2CBD8DB000FFFCBA /* Debug */ = {
			isa = XCBuildConfiguration;
			buildSettings = {
				BUNDLE_LOADER = "$(TEST_HOST)";
				CODE_SIGN_STYLE = Automatic;
				CURRENT_PROJECT_VERSION = 1;
				DEVELOPMENT_TEAM = N74E93PMQ8;
				GENERATE_INFOPLIST_FILE = YES;
				IPHONEOS_DEPLOYMENT_TARGET = 18.0;
				MACOSX_DEPLOYMENT_TARGET = 15.0;
				MARKETING_VERSION = 1.0;
				PRODUCT_BUNDLE_IDENTIFIER = com.hunterhan.FilenFotoTests;
				PRODUCT_NAME = "$(TARGET_NAME)";
				SDKROOT = auto;
				SUPPORTED_PLATFORMS = "iphoneos iphonesimulator macosx xros xrsimulator";
				SWIFT_EMIT_LOC_STRINGS = NO;
				SWIFT_VERSION = 5.0;
				TARGETED_DEVICE_FAMILY = "1,2,7";
				TEST_HOST = "$(BUILT_PRODUCTS_DIR)/FilenFoto.app/$(BUNDLE_EXECUTABLE_FOLDER_PATH)/FilenFoto";
				XROS_DEPLOYMENT_TARGET = 2.0;
			};
			name = Debug;
		};
		9637741B2CBD8DB000FFFCBA /* Release */ = {
			isa = XCBuildConfiguration;
			buildSettings = {
				BUNDLE_LOADER = "$(TEST_HOST)";
				CODE_SIGN_STYLE = Automatic;
				CURRENT_PROJECT_VERSION = 1;
				DEVELOPMENT_TEAM = N74E93PMQ8;
				GENERATE_INFOPLIST_FILE = YES;
				IPHONEOS_DEPLOYMENT_TARGET = 18.0;
				MACOSX_DEPLOYMENT_TARGET = 15.0;
				MARKETING_VERSION = 1.0;
				PRODUCT_BUNDLE_IDENTIFIER = com.hunterhan.FilenFotoTests;
				PRODUCT_NAME = "$(TARGET_NAME)";
				SDKROOT = auto;
				SUPPORTED_PLATFORMS = "iphoneos iphonesimulator macosx xros xrsimulator";
				SWIFT_EMIT_LOC_STRINGS = NO;
				SWIFT_VERSION = 5.0;
				TARGETED_DEVICE_FAMILY = "1,2,7";
				TEST_HOST = "$(BUILT_PRODUCTS_DIR)/FilenFoto.app/$(BUNDLE_EXECUTABLE_FOLDER_PATH)/FilenFoto";
				XROS_DEPLOYMENT_TARGET = 2.0;
			};
			name = Release;
		};
		9637741D2CBD8DB000FFFCBA /* Debug */ = {
			isa = XCBuildConfiguration;
			buildSettings = {
				CODE_SIGN_STYLE = Automatic;
				CURRENT_PROJECT_VERSION = 1;
				DEVELOPMENT_TEAM = N74E93PMQ8;
				GENERATE_INFOPLIST_FILE = YES;
				IPHONEOS_DEPLOYMENT_TARGET = 18.0;
				MACOSX_DEPLOYMENT_TARGET = 15.0;
				MARKETING_VERSION = 1.0;
				PRODUCT_BUNDLE_IDENTIFIER = com.hunterhan.FilenFotoUITests;
				PRODUCT_NAME = "$(TARGET_NAME)";
				SDKROOT = auto;
				SUPPORTED_PLATFORMS = "iphoneos iphonesimulator macosx xros xrsimulator";
				SWIFT_EMIT_LOC_STRINGS = NO;
				SWIFT_VERSION = 5.0;
				TARGETED_DEVICE_FAMILY = "1,2,7";
				TEST_TARGET_NAME = FilenFoto;
				XROS_DEPLOYMENT_TARGET = 2.0;
			};
			name = Debug;
		};
		9637741E2CBD8DB000FFFCBA /* Release */ = {
			isa = XCBuildConfiguration;
			buildSettings = {
				CODE_SIGN_STYLE = Automatic;
				CURRENT_PROJECT_VERSION = 1;
				DEVELOPMENT_TEAM = N74E93PMQ8;
				GENERATE_INFOPLIST_FILE = YES;
				IPHONEOS_DEPLOYMENT_TARGET = 18.0;
				MACOSX_DEPLOYMENT_TARGET = 15.0;
				MARKETING_VERSION = 1.0;
				PRODUCT_BUNDLE_IDENTIFIER = com.hunterhan.FilenFotoUITests;
				PRODUCT_NAME = "$(TARGET_NAME)";
				SDKROOT = auto;
				SUPPORTED_PLATFORMS = "iphoneos iphonesimulator macosx xros xrsimulator";
				SWIFT_EMIT_LOC_STRINGS = NO;
				SWIFT_VERSION = 5.0;
				TARGETED_DEVICE_FAMILY = "1,2,7";
				TEST_TARGET_NAME = FilenFoto;
				XROS_DEPLOYMENT_TARGET = 2.0;
			};
			name = Release;
		};
/* End XCBuildConfiguration section */

/* Begin XCConfigurationList section */
		963773EC2CBD8DAF00FFFCBA /* Build configuration list for PBXProject "FilenFoto" */ = {
			isa = XCConfigurationList;
			buildConfigurations = (
				963774142CBD8DB000FFFCBA /* Debug */,
				963774152CBD8DB000FFFCBA /* Release */,
			);
			defaultConfigurationIsVisible = 0;
			defaultConfigurationName = Release;
		};
		963774162CBD8DB000FFFCBA /* Build configuration list for PBXNativeTarget "FilenFoto" */ = {
			isa = XCConfigurationList;
			buildConfigurations = (
				963774172CBD8DB000FFFCBA /* Debug */,
				963774182CBD8DB000FFFCBA /* Release */,
			);
			defaultConfigurationIsVisible = 0;
			defaultConfigurationName = Release;
		};
		963774192CBD8DB000FFFCBA /* Build configuration list for PBXNativeTarget "FilenFotoTests" */ = {
			isa = XCConfigurationList;
			buildConfigurations = (
				9637741A2CBD8DB000FFFCBA /* Debug */,
				9637741B2CBD8DB000FFFCBA /* Release */,
			);
			defaultConfigurationIsVisible = 0;
			defaultConfigurationName = Release;
		};
		9637741C2CBD8DB000FFFCBA /* Build configuration list for PBXNativeTarget "FilenFotoUITests" */ = {
			isa = XCConfigurationList;
			buildConfigurations = (
				9637741D2CBD8DB000FFFCBA /* Debug */,
				9637741E2CBD8DB000FFFCBA /* Release */,
			);
			defaultConfigurationIsVisible = 0;
			defaultConfigurationName = Release;
		};
/* End XCConfigurationList section */

/* Begin XCLocalSwiftPackageReference section */
		963774372CBDE31300FFFCBA /* XCLocalSwiftPackageReference "../FilenSDK" */ = {
			isa = XCLocalSwiftPackageReference;
			relativePath = ../FilenSDK;
		};
/* End XCLocalSwiftPackageReference section */

/* Begin XCRemoteSwiftPackageReference section */
		960C50442CC8BB03004B3407 /* XCRemoteSwiftPackageReference "SwiftUIPager" */ = {
			isa = XCRemoteSwiftPackageReference;
			repositoryURL = "https://github.com/fermoya/SwiftUIPager";
			requirement = {
				kind = upToNextMajorVersion;
				minimumVersion = 2.5.0;
			};
		};
		963774AE2CBF396500FFFCBA /* XCRemoteSwiftPackageReference "SQLite" */ = {
			isa = XCRemoteSwiftPackageReference;
			repositoryURL = "https://github.com/stephencelis/SQLite.swift";
			requirement = {
				kind = upToNextMajorVersion;
				minimumVersion = 0.15.3;
			};
		};
/* End XCRemoteSwiftPackageReference section */

/* Begin XCSwiftPackageProductDependency section */
		960C50452CC8BB03004B3407 /* SwiftUIPager */ = {
			isa = XCSwiftPackageProductDependency;
			package = 960C50442CC8BB03004B3407 /* XCRemoteSwiftPackageReference "SwiftUIPager" */;
			productName = SwiftUIPager;
		};
		963774352CBDE25600FFFCBA /* FilenSDK */ = {
			isa = XCSwiftPackageProductDependency;
			productName = FilenSDK;
		};
		963774382CBDE31300FFFCBA /* FilenSDK */ = {
			isa = XCSwiftPackageProductDependency;
			productName = FilenSDK;
		};
		963774AF2CBF396500FFFCBA /* SQLite */ = {
			isa = XCSwiftPackageProductDependency;
			package = 963774AE2CBF396500FFFCBA /* XCRemoteSwiftPackageReference "SQLite" */;
			productName = SQLite;
		};
/* End XCSwiftPackageProductDependency section */
	};
	rootObject = 963773E92CBD8DAF00FFFCBA /* Project object */;
}
